
Microsoft Visual Studio Solution File, Format Version 12.00
# Visual Studio 15
Project("{FAE04EC0-301F-11D3-BF4B-00C04F79EFBC}") = "Assembly-CSharp", "Assembly-CSharp.csproj", "{CCDF3BF1-DF86-E938-DC21-A8A32188992A}"
EndProject
Global
	GlobalSection(SolutionConfigurationPlatforms) = preSolution
		Debug|Any CPU = Debug|Any CPU
		Release|Any CPU = Release|Any CPU
	EndGlobalSection
	GlobalSection(ProjectConfigurationPlatforms) = postSolution
		{CCDF3BF1-DF86-E938-DC21-A8A32188992A}.Debug|Any CPU.ActiveCfg = Debug|Any CPU
		{CCDF3BF1-DF86-E938-DC21-A8A32188992A}.Debug|Any CPU.Build.0 = Debug|Any CPU
		{CCDF3BF1-DF86-E938-DC21-A8A32188992A}.Release|Any CPU.ActiveCfg = Release|Any CPU
		{CCDF3BF1-DF86-E938-DC21-A8A32188992A}.Release|Any CPU.Build.0 = Release|Any CPU
	EndGlobalSection
	GlobalSection(SolutionProperties) = preSolution
		HideSolutionNode = FALSE
	EndGlobalSection
EndGlobal
